// !$*UTF8*$!
{
	archiveVersion = 1;
	classes = {
	};
	objectVersion = 46;
	objects = {

/* Begin PBXBuildFile section */
		407BCA041CB0BF1D00389A1A /* main.m in Sources */ = {isa = PBXBuildFile; fileRef = 407BCA031CB0BF1D00389A1A /* main.m */; };
		407BCA071CB0BF1D00389A1A /* AppDelegate.m in Sources */ = {isa = PBXBuildFile; fileRef = 407BCA061CB0BF1D00389A1A /* AppDelegate.m */; };
		407BCA0A1CB0BF1D00389A1A /* ViewController.m in Sources */ = {isa = PBXBuildFile; fileRef = 407BCA091CB0BF1D00389A1A /* ViewController.m */; };
		407BCA0D1CB0BF1E00389A1A /* Main.storyboard in Resources */ = {isa = PBXBuildFile; fileRef = 407BCA0B1CB0BF1E00389A1A /* Main.storyboard */; };
		407BCA0F1CB0BF1E00389A1A /* Assets.xcassets in Resources */ = {isa = PBXBuildFile; fileRef = 407BCA0E1CB0BF1E00389A1A /* Assets.xcassets */; };
		407BCA121CB0BF1E00389A1A /* LaunchScreen.storyboard in Resources */ = {isa = PBXBuildFile; fileRef = 407BCA101CB0BF1E00389A1A /* LaunchScreen.storyboard */; };
		407BCA1D1CB0BF1E00389A1A /* XmWeiBoooTests.m in Sources */ = {isa = PBXBuildFile; fileRef = 407BCA1C1CB0BF1E00389A1A /* XmWeiBoooTests.m */; };
		407BCA281CB0BF1E00389A1A /* XmWeiBoooUITests.m in Sources */ = {isa = PBXBuildFile; fileRef = 407BCA271CB0BF1E00389A1A /* XmWeiBoooUITests.m */; };
/* End PBXBuildFile section */

/* Begin PBXContainerItemProxy section */
		407BCA191CB0BF1E00389A1A /* PBXContainerItemProxy */ = {
			isa = PBXContainerItemProxy;
			containerPortal = 407BC9F71CB0BF1D00389A1A /* Project object */;
			proxyType = 1;
			remoteGlobalIDString = 407BC9FE1CB0BF1D00389A1A;
			remoteInfo = XmWeiBooo;
		};
		407BCA241CB0BF1E00389A1A /* PBXContainerItemProxy */ = {
			isa = PBXContainerItemProxy;
			containerPortal = 407BC9F71CB0BF1D00389A1A /* Project object */;
			proxyType = 1;
			remoteGlobalIDString = 407BC9FE1CB0BF1D00389A1A;
			remoteInfo = XmWeiBooo;
		};
/* End PBXContainerItemProxy section */

/* Begin PBXFileReference section */
		407BC9FF1CB0BF1D00389A1A /* XmWeiBooo.app */ = {isa = PBXFileReference; explicitFileType = wrapper.application; includeInIndex = 0; path = XmWeiBooo.app; sourceTree = BUILT_PRODUCTS_DIR; };
		407BCA031CB0BF1D00389A1A /* main.m */ = {isa = PBXFileReference; lastKnownFileType = sourcecode.c.objc; path = main.m; sourceTree = "<group>"; };
		407BCA051CB0BF1D00389A1A /* AppDelegate.h */ = {isa = PBXFileReference; lastKnownFileType = sourcecode.c.h; path = AppDelegate.h; sourceTree = "<group>"; };
		407BCA061CB0BF1D00389A1A /* AppDelegate.m */ = {isa = PBXFileReference; lastKnownFileType = sourcecode.c.objc; path = AppDelegate.m; sourceTree = "<group>"; };
		407BCA081CB0BF1D00389A1A /* ViewController.h */ = {isa = PBXFileReference; lastKnownFileType = sourcecode.c.h; path = ViewController.h; sourceTree = "<group>"; };
		407BCA091CB0BF1D00389A1A /* ViewController.m */ = {isa = PBXFileReference; lastKnownFileType = sourcecode.c.objc; path = ViewController.m; sourceTree = "<group>"; };
		407BCA0C1CB0BF1E00389A1A /* Base */ = {isa = PBXFileReference; lastKnownFileType = file.storyboard; name = Base; path = Base.lproj/Main.storyboard; sourceTree = "<group>"; };
		407BCA0E1CB0BF1E00389A1A /* Assets.xcassets */ = {isa = PBXFileReference; lastKnownFileType = folder.assetcatalog; path = Assets.xcassets; sourceTree = "<group>"; };
		407BCA111CB0BF1E00389A1A /* Base */ = {isa = PBXFileReference; lastKnownFileType = file.storyboard; name = Base; path = Base.lproj/LaunchScreen.storyboard; sourceTree = "<group>"; };
		407BCA131CB0BF1E00389A1A /* Info.plist */ = {isa = PBXFileReference; lastKnownFileType = text.plist.xml; path = Info.plist; sourceTree = "<group>"; };
		407BCA181CB0BF1E00389A1A /* XmWeiBoooTests.xctest */ = {isa = PBXFileReference; explicitFileType = wrapper.cfbundle; includeInIndex = 0; path = XmWeiBoooTests.xctest; sourceTree = BUILT_PRODUCTS_DIR; };
		407BCA1C1CB0BF1E00389A1A /* XmWeiBoooTests.m */ = {isa = PBXFileReference; lastKnownFileType = sourcecode.c.objc; path = XmWeiBoooTests.m; sourceTree = "<group>"; };
		407BCA1E1CB0BF1E00389A1A /* Info.plist */ = {isa = PBXFileReference; lastKnownFileType = text.plist.xml; path = Info.plist; sourceTree = "<group>"; };
		407BCA231CB0BF1E00389A1A /* XmWeiBoooUITests.xctest */ = {isa = PBXFileReference; explicitFileType = wrapper.cfbundle; includeInIndex = 0; path = XmWeiBoooUITests.xctest; sourceTree = BUILT_PRODUCTS_DIR; };
		407BCA271CB0BF1E00389A1A /* XmWeiBoooUITests.m */ = {isa = PBXFileReference; lastKnownFileType = sourcecode.c.objc; path = XmWeiBoooUITests.m; sourceTree = "<group>"; };
		407BCA291CB0BF1E00389A1A /* Info.plist */ = {isa = PBXFileReference; lastKnownFileType = text.plist.xml; path = Info.plist; sourceTree = "<group>"; };
/* End PBXFileReference section */

/* Begin PBXFrameworksBuildPhase section */
		407BC9FC1CB0BF1D00389A1A /* Frameworks */ = {
			isa = PBXFrameworksBuildPhase;
			buildActionMask = 2147483647;
			files = (
			);
			runOnlyForDeploymentPostprocessing = 0;
		};
		407BCA151CB0BF1E00389A1A /* Frameworks */ = {
			isa = PBXFrameworksBuildPhase;
			buildActionMask = 2147483647;
			files = (
			);
			runOnlyForDeploymentPostprocessing = 0;
		};
		407BCA201CB0BF1E00389A1A /* Frameworks */ = {
			isa = PBXFrameworksBuildPhase;
			buildActionMask = 2147483647;
			files = (
			);
			runOnlyForDeploymentPostprocessing = 0;
		};
/* End PBXFrameworksBuildPhase section */

/* Begin PBXGroup section */
		407BC9F61CB0BF1D00389A1A = {
			isa = PBXGroup;
			children = (
				407BCA011CB0BF1D00389A1A /* XmWeiBooo */,
				407BCA1B1CB0BF1E00389A1A /* XmWeiBoooTests */,
				407BCA261CB0BF1E00389A1A /* XmWeiBoooUITests */,
				407BCA001CB0BF1D00389A1A /* Products */,
			);
			sourceTree = "<group>";
		};
		407BCA001CB0BF1D00389A1A /* Products */ = {
			isa = PBXGroup;
			children = (
				407BC9FF1CB0BF1D00389A1A /* XmWeiBooo.app */,
				407BCA181CB0BF1E00389A1A /* XmWeiBoooTests.xctest */,
				407BCA231CB0BF1E00389A1A /* XmWeiBoooUITests.xctest */,
			);
			name = Products;
			sourceTree = "<group>";
		};
		407BCA011CB0BF1D00389A1A /* XmWeiBooo */ = {
			isa = PBXGroup;
			children = (
				407BCA051CB0BF1D00389A1A /* AppDelegate.h */,
				407BCA061CB0BF1D00389A1A /* AppDelegate.m */,
				407BCA081CB0BF1D00389A1A /* ViewController.h */,
				407BCA091CB0BF1D00389A1A /* ViewController.m */,
				407BCA0B1CB0BF1E00389A1A /* Main.storyboard */,
				407BCA0E1CB0BF1E00389A1A /* Assets.xcassets */,
				407BCA101CB0BF1E00389A1A /* LaunchScreen.storyboard */,
				407BCA131CB0BF1E00389A1A /* Info.plist */,
				407BCA021CB0BF1D00389A1A /* Supporting Files */,
			);
			path = XmWeiBooo;
			sourceTree = "<group>";
		};
		407BCA021CB0BF1D00389A1A /* Supporting Files */ = {
			isa = PBXGroup;
			children = (
				407BCA031CB0BF1D00389A1A /* main.m */,
			);
			name = "Supporting Files";
			sourceTree = "<group>";
		};
		407BCA1B1CB0BF1E00389A1A /* XmWeiBoooTests */ = {
			isa = PBXGroup;
			children = (
				407BCA1C1CB0BF1E00389A1A /* XmWeiBoooTests.m */,
				407BCA1E1CB0BF1E00389A1A /* Info.plist */,
			);
			path = XmWeiBoooTests;
			sourceTree = "<group>";
		};
		407BCA261CB0BF1E00389A1A /* XmWeiBoooUITests */ = {
			isa = PBXGroup;
			children = (
				407BCA271CB0BF1E00389A1A /* XmWeiBoooUITests.m */,
				407BCA291CB0BF1E00389A1A /* Info.plist */,
			);
			path = XmWeiBoooUITests;
			sourceTree = "<group>";
		};
/* End PBXGroup section */

/* Begin PBXNativeTarget section */
		407BC9FE1CB0BF1D00389A1A /* XmWeiBooo */ = {
			isa = PBXNativeTarget;
			buildConfigurationList = 407BCA2C1CB0BF1E00389A1A /* Build configuration list for PBXNativeTarget "XmWeiBooo" */;
			buildPhases = (
				407BC9FB1CB0BF1D00389A1A /* Sources */,
				407BC9FC1CB0BF1D00389A1A /* Frameworks */,
				407BC9FD1CB0BF1D00389A1A /* Resources */,
			);
			buildRules = (
			);
			dependencies = (
			);
			name = XmWeiBooo;
			productName = XmWeiBooo;
			productReference = 407BC9FF1CB0BF1D00389A1A /* XmWeiBooo.app */;
			productType = "com.apple.product-type.application";
		};
		407BCA171CB0BF1E00389A1A /* XmWeiBoooTests */ = {
			isa = PBXNativeTarget;
			buildConfigurationList = 407BCA2F1CB0BF1E00389A1A /* Build configuration list for PBXNativeTarget "XmWeiBoooTests" */;
			buildPhases = (
				407BCA141CB0BF1E00389A1A /* Sources */,
				407BCA151CB0BF1E00389A1A /* Frameworks */,
				407BCA161CB0BF1E00389A1A /* Resources */,
			);
			buildRules = (
			);
			dependencies = (
				407BCA1A1CB0BF1E00389A1A /* PBXTargetDependency */,
			);
			name = XmWeiBoooTests;
			productName = XmWeiBoooTests;
			productReference = 407BCA181CB0BF1E00389A1A /* XmWeiBoooTests.xctest */;
			productType = "com.apple.product-type.bundle.unit-test";
		};
		407BCA221CB0BF1E00389A1A /* XmWeiBoooUITests */ = {
			isa = PBXNativeTarget;
			buildConfigurationList = 407BCA321CB0BF1E00389A1A /* Build configuration list for PBXNativeTarget "XmWeiBoooUITests" */;
			buildPhases = (
				407BCA1F1CB0BF1E00389A1A /* Sources */,
				407BCA201CB0BF1E00389A1A /* Frameworks */,
				407BCA211CB0BF1E00389A1A /* Resources */,
			);
			buildRules = (
			);
			dependencies = (
				407BCA251CB0BF1E00389A1A /* PBXTargetDependency */,
			);
			name = XmWeiBoooUITests;
			productName = XmWeiBoooUITests;
			productReference = 407BCA231CB0BF1E00389A1A /* XmWeiBoooUITests.xctest */;
			productType = "com.apple.product-type.bundle.ui-testing";
		};
/* End PBXNativeTarget section */

/* Begin PBXProject section */
		407BC9F71CB0BF1D00389A1A /* Project object */ = {
			isa = PBXProject;
			attributes = {
				LastUpgradeCheck = 0720;
				ORGANIZATIONNAME = blackapple;
				TargetAttributes = {
					407BC9FE1CB0BF1D00389A1A = {
						CreatedOnToolsVersion = 7.2;
						DevelopmentTeam = HWPJQHW6K7;
					};
					407BCA171CB0BF1E00389A1A = {
						CreatedOnToolsVersion = 7.2;
						DevelopmentTeam = HWPJQHW6K7;
						TestTargetID = 407BC9FE1CB0BF1D00389A1A;
					};
					407BCA221CB0BF1E00389A1A = {
						CreatedOnToolsVersion = 7.2;
						DevelopmentTeam = HWPJQHW6K7;
						TestTargetID = 407BC9FE1CB0BF1D00389A1A;
					};
				};
			};
			buildConfigurationList = 407BC9FA1CB0BF1D00389A1A /* Build configuration list for PBXProject "XmWeiBooo" */;
			compatibilityVersion = "Xcode 3.2";
			developmentRegion = English;
			hasScannedForEncodings = 0;
			knownRegions = (
				en,
				Base,
			);
			mainGroup = 407BC9F61CB0BF1D00389A1A;
			productRefGroup = 407BCA001CB0BF1D00389A1A /* Products */;
			projectDirPath = "";
			projectRoot = "";
			targets = (
				407BC9FE1CB0BF1D00389A1A /* XmWeiBooo */,
				407BCA171CB0BF1E00389A1A /* XmWeiBoooTests */,
				407BCA221CB0BF1E00389A1A /* XmWeiBoooUITests */,
			);
		};
/* End PBXProject section */

/* Begin PBXResourcesBuildPhase section */
		407BC9FD1CB0BF1D00389A1A /* Resources */ = {
			isa = PBXResourcesBuildPhase;
			buildActionMask = 2147483647;
			files = (
				407BCA121CB0BF1E00389A1A /* LaunchScreen.storyboard in Resources */,
				407BCA0F1CB0BF1E00389A1A /* Assets.xcassets in Resources */,
				407BCA0D1CB0BF1E00389A1A /* Main.storyboard in Resources */,
			);
			runOnlyForDeploymentPostprocessing = 0;
		};
		407BCA161CB0BF1E00389A1A /* Resources */ = {
			isa = PBXResourcesBuildPhase;
			buildActionMask = 2147483647;
			files = (
			);
			runOnlyForDeploymentPostprocessing = 0;
		};
		407BCA211CB0BF1E00389A1A /* Resources */ = {
			isa = PBXResourcesBuildPhase;
			buildActionMask = 2147483647;
			files = (
			);
			runOnlyForDeploymentPostprocessing = 0;
		};
/* End PBXResourcesBuildPhase section */

/* Begin PBXSourcesBuildPhase section */
		407BC9FB1CB0BF1D00389A1A /* Sources */ = {
			isa = PBXSourcesBuildPhase;
			buildActionMask = 2147483647;
			files = (
				407BCA0A1CB0BF1D00389A1A /* ViewController.m in Sources */,
				407BCA071CB0BF1D00389A1A /* AppDelegate.m in Sources */,
				407BCA041CB0BF1D00389A1A /* main.m in Sources */,
			);
			runOnlyForDeploymentPostprocessing = 0;
		};
		407BCA141CB0BF1E00389A1A /* Sources */ = {
			isa = PBXSourcesBuildPhase;
			buildActionMask = 2147483647;
			files = (
				407BCA1D1CB0BF1E00389A1A /* XmWeiBoooTests.m in Sources */,
			);
			runOnlyForDeploymentPostprocessing = 0;
		};
		407BCA1F1CB0BF1E00389A1A /* Sources */ = {
			isa = PBXSourcesBuildPhase;
			buildActionMask = 2147483647;
			files = (
				407BCA281CB0BF1E00389A1A /* XmWeiBoooUITests.m in Sources */,
			);
			runOnlyForDeploymentPostprocessing = 0;
		};
/* End PBXSourcesBuildPhase section */

/* Begin PBXTargetDependency section */
		407BCA1A1CB0BF1E00389A1A /* PBXTargetDependency */ = {
			isa = PBXTargetDependency;
			target = 407BC9FE1CB0BF1D00389A1A /* XmWeiBooo */;
			targetProxy = 407BCA191CB0BF1E00389A1A /* PBXContainerItemProxy */;
		};
		407BCA251CB0BF1E00389A1A /* PBXTargetDependency */ = {
			isa = PBXTargetDependency;
			target = 407BC9FE1CB0BF1D00389A1A /* XmWeiBooo */;
			targetProxy = 407BCA241CB0BF1E00389A1A /* PBXContainerItemProxy */;
		};
/* End PBXTargetDependency section */

/* Begin PBXVariantGroup section */
		407BCA0B1CB0BF1E00389A1A /* Main.storyboard */ = {
			isa = PBXVariantGroup;
			children = (
				407BCA0C1CB0BF1E00389A1A /* Base */,
			);
			name = Main.storyboard;
			sourceTree = "<group>";
		};
		407BCA101CB0BF1E00389A1A /* LaunchScreen.storyboard */ = {
			isa = PBXVariantGroup;
			children = (
				407BCA111CB0BF1E00389A1A /* Base */,
			);
			name = LaunchScreen.storyboard;
			sourceTree = "<group>";
		};
/* End PBXVariantGroup section */

/* Begin XCBuildConfiguration section */
		407BCA2A1CB0BF1E00389A1A /* Debug */ = {
			isa = XCBuildConfiguration;
			buildSettings = {
				ALWAYS_SEARCH_USER_PATHS = NO;
				CLANG_CXX_LANGUAGE_STANDARD = "gnu++0x";
				CLANG_CXX_LIBRARY = "libc++";
				CLANG_ENABLE_MODULES = YES;
				CLANG_ENABLE_OBJC_ARC = YES;
				CLANG_WARN_BOOL_CONVERSION = YES;
				CLANG_WARN_CONSTANT_CONVERSION = YES;
				CLANG_WARN_DIRECT_OBJC_ISA_USAGE = YES_ERROR;
				CLANG_WARN_EMPTY_BODY = YES;
				CLANG_WARN_ENUM_CONVERSION = YES;
				CLANG_WARN_INT_CONVERSION = YES;
				CLANG_WARN_OBJC_ROOT_CLASS = YES_ERROR;
				CLANG_WARN_UNREACHABLE_CODE = YES;
				CLANG_WARN__DUPLICATE_METHOD_MATCH = YES;
				"CODE_SIGN_IDENTITY[sdk=iphoneos*]" = "iPhone Developer";
				COPY_PHASE_STRIP = NO;
				DEBUG_INFORMATION_FORMAT = dwarf;
				ENABLE_STRICT_OBJC_MSGSEND = YES;
				ENABLE_TESTABILITY = YES;
				GCC_C_LANGUAGE_STANDARD = gnu99;
				GCC_DYNAMIC_NO_PIC = NO;
				GCC_NO_COMMON_BLOCKS = YES;
				GCC_OPTIMIZATION_LEVEL = 0;
				GCC_PREPROCESSOR_DEFINITIONS = (
					"DEBUG=1",
					"$(inherited)",
				);
				GCC_WARN_64_TO_32_BIT_CONVERSION = YES;
				GCC_WARN_ABOUT_RETURN_TYPE = YES_ERROR;
				GCC_WARN_UNDECLARED_SELECTOR = YES;
				GCC_WARN_UNINITIALIZED_AUTOS = YES_AGGRESSIVE;
				GCC_WARN_UNUSED_FUNCTION = YES;
				GCC_WARN_UNUSED_VARIABLE = YES;
				IPHONEOS_DEPLOYMENT_TARGET = 9.2;
				MTL_ENABLE_DEBUG_INFO = YES;
				ONLY_ACTIVE_ARCH = YES;
				SDKROOT = iphoneos;
				TARGETED_DEVICE_FAMILY = "1,2";
			};
			name = Debug;
		};
		407BCA2B1CB0BF1E00389A1A /* Release */ = {
			isa = XCBuildConfiguration;
			buildSettings = {
				ALWAYS_SEARCH_USER_PATHS = NO;
				CLANG_CXX_LANGUAGE_STANDARD = "gnu++0x";
				CLANG_CXX_LIBRARY = "libc++";
				CLANG_ENABLE_MODULES = YES;
				CLANG_ENABLE_OBJC_ARC = YES;
				CLANG_WARN_BOOL_CONVERSION = YES;
				CLANG_WARN_CONSTANT_CONVERSION = YES;
				CLANG_WARN_DIRECT_OBJC_ISA_USAGE = YES_ERROR;
				CLANG_WARN_EMPTY_BODY = YES;
				CLANG_WARN_ENUM_CONVERSION = YES;
				CLANG_WARN_INT_CONVERSION = YES;
				CLANG_WARN_OBJC_ROOT_CLASS = YES_ERROR;
				CLANG_WARN_UNREACHABLE_CODE = YES;
				CLANG_WARN__DUPLICATE_METHOD_MATCH = YES;
				"CODE_SIGN_IDENTITY[sdk=iphoneos*]" = "iPhone Developer";
				COPY_PHASE_STRIP = NO;
				DEBUG_INFORMATION_FORMAT = "dwarf-with-dsym";
				ENABLE_NS_ASSERTIONS = NO;
				ENABLE_STRICT_OBJC_MSGSEND = YES;
				GCC_C_LANGUAGE_STANDARD = gnu99;
				GCC_NO_COMMON_BLOCKS = YES;
				GCC_WARN_64_TO_32_BIT_CONVERSION = YES;
				GCC_WARN_ABOUT_RETURN_TYPE = YES_ERROR;
				GCC_WARN_UNDECLARED_SELECTOR = YES;
				GCC_WARN_UNINITIALIZED_AUTOS = YES_AGGRESSIVE;
				GCC_WARN_UNUSED_FUNCTION = YES;
				GCC_WARN_UNUSED_VARIABLE = YES;
				IPHONEOS_DEPLOYMENT_TARGET = 9.2;
				MTL_ENABLE_DEBUG_INFO = NO;
				SDKROOT = iphoneos;
				TARGETED_DEVICE_FAMILY = "1,2";
				VALIDATE_PRODUCT = YES;
			};
			name = Release;
		};
		407BCA2D1CB0BF1E00389A1A /* Debug */ = {
			isa = XCBuildConfiguration;
			buildSettings = {
				ASSETCATALOG_COMPILER_APPICON_NAME = AppIcon;
				INFOPLIST_FILE = XmWeiBooo/Info.plist;
				LD_RUNPATH_SEARCH_PATHS = "$(inherited) @executable_path/Frameworks";
				PRODUCT_BUNDLE_IDENTIFIER = cxm.XmWeiBooo;
				PRODUCT_NAME = "$(TARGET_NAME)";
			};
			name = Debug;
		};
		407BCA2E1CB0BF1E00389A1A /* Release */ = {
			isa = XCBuildConfiguration;
			buildSettings = {
				ASSETCATALOG_COMPILER_APPICON_NAME = AppIcon;
				INFOPLIST_FILE = XmWeiBooo/Info.plist;
				LD_RUNPATH_SEARCH_PATHS = "$(inherited) @executable_path/Frameworks";
				PRODUCT_BUNDLE_IDENTIFIER = cxm.XmWeiBooo;
				PRODUCT_NAME = "$(TARGET_NAME)";
			};
			name = Release;
		};
		407BCA301CB0BF1E00389A1A /* Debug */ = {
			isa = XCBuildConfiguration;
			buildSettings = {
				BUNDLE_LOADER = "$(TEST_HOST)";
				INFOPLIST_FILE = XmWeiBoooTests/Info.plist;
				LD_RUNPATH_SEARCH_PATHS = "$(inherited) @executable_path/Frameworks @loader_path/Frameworks";
				PRODUCT_BUNDLE_IDENTIFIER = cxm.XmWeiBoooTests;
				PRODUCT_NAME = "$(TARGET_NAME)";
				TEST_HOST = "$(BUILT_PRODUCTS_DIR)/XmWeiBooo.app/XmWeiBooo";
			};
			name = Debug;
		};
		407BCA311CB0BF1E00389A1A /* Release */ = {
			isa = XCBuildConfiguration;
			buildSettings = {
				BUNDLE_LOADER = "$(TEST_HOST)";
				INFOPLIST_FILE = XmWeiBoooTests/Info.plist;
				LD_RUNPATH_SEARCH_PATHS = "$(inherited) @executable_path/Frameworks @loader_path/Frameworks";
				PRODUCT_BUNDLE_IDENTIFIER = cxm.XmWeiBoooTests;
				PRODUCT_NAME = "$(TARGET_NAME)";
				TEST_HOST = "$(BUILT_PRODUCTS_DIR)/XmWeiBooo.app/XmWeiBooo";
			};
			name = Release;
		};
		407BCA331CB0BF1E00389A1A /* Debug */ = {
			isa = XCBuildConfiguration;
			buildSettings = {
				INFOPLIST_FILE = XmWeiBoooUITests/Info.plist;
				LD_RUNPATH_SEARCH_PATHS = "$(inherited) @executable_path/Frameworks @loader_path/Frameworks";
				PRODUCT_BUNDLE_IDENTIFIER = cxm.XmWeiBoooUITests;
				PRODUCT_NAME = "$(TARGET_NAME)";
				TEST_TARGET_NAME = XmWeiBooo;
				USES_XCTRUNNER = YES;
			};
			name = Debug;
		};
		407BCA341CB0BF1E00389A1A /* Release */ = {
			isa = XCBuildConfiguration;
			buildSettings = {
				INFOPLIST_FILE = XmWeiBoooUITests/Info.plist;
				LD_RUNPATH_SEARCH_PATHS = "$(inherited) @executable_path/Frameworks @loader_path/Frameworks";
				PRODUCT_BUNDLE_IDENTIFIER = cxm.XmWeiBoooUITests;
				PRODUCT_NAME = "$(TARGET_NAME)";
				TEST_TARGET_NAME = XmWeiBooo;
				USES_XCTRUNNER = YES;
			};
			name = Release;
		};
/* End XCBuildConfiguration section */

/* Begin XCConfigurationList section */
		407BC9FA1CB0BF1D00389A1A /* Build configuration list for PBXProject "XmWeiBooo" */ = {
			isa = XCConfigurationList;
			buildConfigurations = (
				407BCA2A1CB0BF1E00389A1A /* Debug */,
				407BCA2B1CB0BF1E00389A1A /* Release */,
			);
			defaultConfigurationIsVisible = 0;
			defaultConfigurationName = Release;
		};
		407BCA2C1CB0BF1E00389A1A /* Build configuration list for PBXNativeTarget "XmWeiBooo" */ = {
			isa = XCConfigurationList;
			buildConfigurations = (
				407BCA2D1CB0BF1E00389A1A /* Debug */,
				407BCA2E1CB0BF1E00389A1A /* Release */,
			);
			defaultConfigurationIsVisible = 0;
		};
		407BCA2F1CB0BF1E00389A1A /* Build configuration list for PBXNativeTarget "XmWeiBoooTests" */ = {
			isa = XCConfigurationList;
			buildConfigurations = (
				407BCA301CB0BF1E00389A1A /* Debug */,
				407BCA311CB0BF1E00389A1A /* Release */,
			);
			defaultConfigurationIsVisible = 0;
		};
		407BCA321CB0BF1E00389A1A /* Build configuration list for PBXNativeTarget "XmWeiBoooUITests" */ = {
			isa = XCConfigurationList;
			buildConfigurations = (
				407BCA331CB0BF1E00389A1A /* Debug */,
				407BCA341CB0BF1E00389A1A /* Release */,
			);
			defaultConfigurationIsVisible = 0;
		};
/* End XCConfigurationList section */
	};
	rootObject = 407BC9F71CB0BF1D00389A1A /* Project object */;
}
